
Microsoft Visual Studio Solution File, Format Version 12.00
# Visual Studio Version 16
VisualStudioVersion = 16.0.30804.86
MinimumVisualStudioVersion = 10.0.40219.1
Project("{FAE04EC0-301F-11D3-BF4B-00C04F79EFBC}") = "Pascu_Serban_Proiect", "Pascu_Serban_Proiect.csproj", "{B2B77435-E36B-467A-B331-CFACEE864924}"
EndProject
Project("{FAE04EC0-301F-11D3-BF4B-00C04F79EFBC}") = "CakeShopModel", "..\CakeShopModel\CakeShopModel.csproj", "{F540382B-76AF-4549-BD22-32C740868E38}"
EndProject
Global
	GlobalSection(SolutionConfigurationPlatforms) = preSolution
		Debug|Any CPU = Debug|Any CPU
		Release|Any CPU = Release|Any CPU
	EndGlobalSection
	GlobalSection(ProjectConfigurationPlatforms) = postSolution
		{B2B77435-E36B-467A-B331-CFACEE864924}.Debug|Any CPU.ActiveCfg = Debug|Any CPU
		{B2B77435-E36B-467A-B331-CFACEE864924}.Debug|Any CPU.Build.0 = Debug|Any CPU
		{B2B77435-E36B-467A-B331-CFACEE864924}.Release|Any CPU.ActiveCfg = Release|Any CPU
		{B2B77435-E36B-467A-B331-CFACEE864924}.Release|Any CPU.Build.0 = Release|Any CPU
		{F540382B-76AF-4549-BD22-32C740868E38}.Debug|Any CPU.ActiveCfg = Debug|Any CPU
		{F540382B-76AF-4549-BD22-32C740868E38}.Debug|Any CPU.Build.0 = Debug|Any CPU
		{F540382B-76AF-4549-BD22-32C740868E38}.Release|Any CPU.ActiveCfg = Release|Any CPU
		{F540382B-76AF-4549-BD22-32C740868E38}.Release|Any CPU.Build.0 = Release|Any CPU
	EndGlobalSection
	GlobalSection(SolutionProperties) = preSolution
		HideSolutionNode = FALSE
	EndGlobalSection
	GlobalSection(ExtensibilityGlobals) = postSolution
		SolutionGuid = {4519B911-8884-45B2-B5C6-6FB7C2C4ED12}
	EndGlobalSection
EndGlobal
